
Microsoft Visual Studio Solution File, Format Version 12.00
# Visual Studio Version 17
VisualStudioVersion = 17.3.32901.215
MinimumVisualStudioVersion = 10.0.40219.1
Project("{FAE04EC0-301F-11D3-BF4B-00C04F79EFBC}") = "Observer_Design_Pattern", "Observer_Design_Pattern\Observer_Design_Pattern.csproj", "{27163BF2-9403-4EC8-9324-CDC0F06EA41C}"
EndProject
Global
	GlobalSection(SolutionConfigurationPlatforms) = preSolution
		Debug|Any CPU = Debug|Any CPU
		Release|Any CPU = Release|Any CPU
	EndGlobalSection
	GlobalSection(ProjectConfigurationPlatforms) = postSolution
		{27163BF2-9403-4EC8-9324-CDC0F06EA41C}.Debug|Any CPU.ActiveCfg = Debug|Any CPU
		{27163BF2-9403-4EC8-9324-CDC0F06EA41C}.Debug|Any CPU.Build.0 = Debug|Any CPU
		{27163BF2-9403-4EC8-9324-CDC0F06EA41C}.Release|Any CPU.ActiveCfg = Release|Any CPU
		{27163BF2-9403-4EC8-9324-CDC0F06EA41C}.Release|Any CPU.Build.0 = Release|Any CPU
	EndGlobalSection
	GlobalSection(SolutionProperties) = preSolution
		HideSolutionNode = FALSE
	EndGlobalSection
	GlobalSection(ExtensibilityGlobals) = postSolution
		SolutionGuid = {1D693F83-8A95-44C8-BFDC-67D0CE22DB95}
	EndGlobalSection
EndGlobal
